
Microsoft Visual Studio Solution File, Format Version 12.00
# Visual Studio 15
VisualStudioVersion = 15.0.28307.1169
MinimumVisualStudioVersion = 10.0.40219.1
Project("{FAE04EC0-301F-11D3-BF4B-00C04F79EFBC}") = "FlightSimulator", "FlightSimulator\FlightSimulator.csproj", "{15E5CD0E-C2A3-4607-9604-7C1B1F2BE9D2}"
EndProject
Global
	GlobalSection(SolutionConfigurationPlatforms) = preSolution
		Debug|Any CPU = Debug|Any CPU
		Release|Any CPU = Release|Any CPU
	EndGlobalSection
	GlobalSection(ProjectConfigurationPlatforms) = postSolution
		{15E5CD0E-C2A3-4607-9604-7C1B1F2BE9D2}.Debug|Any CPU.ActiveCfg = Debug|Any CPU
		{15E5CD0E-C2A3-4607-9604-7C1B1F2BE9D2}.Debug|Any CPU.Build.0 = Debug|Any CPU
		{15E5CD0E-C2A3-4607-9604-7C1B1F2BE9D2}.Release|Any CPU.ActiveCfg = Release|Any CPU
		{15E5CD0E-C2A3-4607-9604-7C1B1F2BE9D2}.Release|Any CPU.Build.0 = Release|Any CPU
	EndGlobalSection
	GlobalSection(SolutionProperties) = preSolution
		HideSolutionNode = FALSE
	EndGlobalSection
	GlobalSection(ExtensibilityGlobals) = postSolution
		SolutionGuid = {D63A11A4-98EF-408D-9FB4-B8CC08EA8DAE}
	EndGlobalSection
EndGlobal
